<?xml version="1.0" encoding="utf-8"?>
<Project ToolsVersion="4.0" xmlns="http://schemas.microsoft.com/developer/msbuild/2003">
  <ItemGroup>
    <Filter Include="Source Files">
      <UniqueIdentifier>{4FC737F1-C7A5-4376-A066-2A32D752A2FF}</UniqueIdentifier>
      <Extensions>cpp;c;cc;cxx;def;odl;idl;hpj;bat;asm;asmx</Extensions>
    </Filter>
    <Filter Include="Header Files">
      <UniqueIdentifier>{93995380-89BD-4b04-88EB-625FBE52EBFB}</UniqueIdentifier>
      <Extensions>h;hpp;hxx;hm;inl;inc;xsd</Extensions>
    </Filter>
    <Filter Include="Resource Files">
      <UniqueIdentifier>{67DA6AB6-F800-4c08-8B7A-83BB121AAD01}</UniqueIdentifier>
      <Extensions>rc;ico;cur;bmp;dlg;rc2;rct;bin;rgs;gif;jpg;jpeg;jpe;resx;tiff;tif;png;wav;mfcribbon-ms</Extensions>
    </Filter>
    <Filter Include="Entities">
      <UniqueIdentifier>{f4f6dda1-c15f-4887-9763-522066a81a68}</UniqueIdentifier>
    </Filter>
    <Filter Include="Renderer">
      <UniqueIdentifier>{cc8d9a64-00aa-4f0e-9c8b-5bffc153d401}</UniqueIdentifier>
    </Filter>
  </ItemGroup>
  <ItemGroup>
    <ClInclude Include="stdafx.h">
      <Filter>Header Files</Filter>
    </ClInclude>
    <ClInclude Include="Map.h">
      <Filter>Header Files</Filter>
    </ClInclude>
    <ClInclude Include="Projectile.h">
      <Filter>Entities</Filter>
    </ClInclude>
    <ClInclude Include="Model.h">
      <Filter>Entities</Filter>
    </ClInclude>
    <ClInclude Include="Building.h">
      <Filter>Entities</Filter>
    </ClInclude>
    <ClInclude Include="Actor.h">
      <Filter>Entities</Filter>
    </ClInclude>
    <ClInclude Include="Drawable.h">
      <Filter>Entities</Filter>
    </ClInclude>
    <ClInclude Include="IQMGeometry.h">
      <Filter>Renderer</Filter>
    </ClInclude>
    <ClInclude Include="IQMFile.h">
      <Filter>Renderer</Filter>
    </ClInclude>
    <ClInclude Include="Graphics.h">
      <Filter>Renderer</Filter>
    </ClInclude>
    <ClInclude Include="AssetLoader.h">
      <Filter>Renderer</Filter>
    </ClInclude>
    <ClInclude Include="EntityManager.h">
      <Filter>Entities</Filter>
    </ClInclude>
  </ItemGroup>
  <ItemGroup>
    <ClCompile Include="stdafx.cpp">
      <Filter>Source Files</Filter>
    </ClCompile>
    <ClCompile Include="Trimetric or Bust.cpp">
      <Filter>Source Files</Filter>
    </ClCompile>
    <ClCompile Include="Map.cpp">
      <Filter>Source Files</Filter>
    </ClCompile>
    <ClCompile Include="Projectile.cpp">
      <Filter>Entities</Filter>
    </ClCompile>
    <ClCompile Include="Model.cpp">
      <Filter>Entities</Filter>
    </ClCompile>
    <ClCompile Include="Building.cpp">
      <Filter>Entities</Filter>
    </ClCompile>
    <ClCompile Include="Actor.cpp">
      <Filter>Entities</Filter>
    </ClCompile>
    <ClCompile Include="AssetLoader.cpp">
      <Filter>Renderer</Filter>
    </ClCompile>
    <ClCompile Include="Graphics.cpp">
      <Filter>Renderer</Filter>
    </ClCompile>
    <ClCompile Include="IQMFile.cpp">
      <Filter>Renderer</Filter>
    </ClCompile>
    <ClCompile Include="EntityManager.cpp">
      <Filter>Entities</Filter>
    </ClCompile>
  </ItemGroup>
</Project>